{
  "name": "poker-messages",
  "version": "0.1.0",
  "lockfileVersion": 1,
  "requires": true,
  "dependencies": {
    "@easy-poker/poker-cards": {
      "version": "0.0.12",
      "resolved": "https://npm.pkg.github.com/download/@easy-poker/poker-cards/0.0.12/b0f68814735057b9a314e7b10f5e854810a1c2d609ba726711b26251dc87b741",
      "integrity": "sha512-f/INUyzKfGVmw3REFCY7rwoDnaP4s+wNOux48Y8L+6jblNvSHuZiNEyhAy+BpgxzZnhz6sxRVCAQ2f1Cx+Qwlw==",
      "dev": true
    },
    "typescript": {
      "version": "3.8.3",
      "resolved": "https://registry.npmjs.org/typescript/-/typescript-3.8.3.tgz",
      "integrity": "sha512-MYlEfn5VrLNsgudQTVJeNaQFUAI7DkhnOjdpAp4T+ku1TfQClewlbSuTVHiA+8skNBgaf02TL/kLOvig4y3G8w==",
      "dev": true
    }
  }
}
