{
  "name": "@pairjacks/poker-messages",
  "version": "0.1.0",
  "lockfileVersion": 1,
  "requires": true,
  "dependencies": {
    "@pairjacks/poker-cards": {
      "version": "0.1.0",
      "resolved": "https://registry.npmjs.org/@pairjacks/poker-cards/-/poker-cards-0.1.0.tgz",
      "integrity": "sha512-DN7OEz22OF8bGpwQQxUb2TavJOVWvjO/sNhnuKlzvZZ24Z8Y++xyCp3dCR2TIQy6MB0ktPekOyKKAo50kLsLTg==",
      "dev": true
    },
    "typescript": {
      "version": "3.8.3",
      "resolved": "https://registry.npmjs.org/typescript/-/typescript-3.8.3.tgz",
      "integrity": "sha512-MYlEfn5VrLNsgudQTVJeNaQFUAI7DkhnOjdpAp4T+ku1TfQClewlbSuTVHiA+8skNBgaf02TL/kLOvig4y3G8w==",
      "dev": true
    }
  }
}
